
Microsoft Visual Studio Solution File, Format Version 12.00
# Visual Studio Version 17
VisualStudioVersion = 17.1.32414.318
MinimumVisualStudioVersion = 10.0.40219.1
Project("{9A19103F-16F7-4668-BE54-9A1E7A4F7556}") = "Gerege.Framework.WPFApp", "Gerege.Framework.WPFApp\Gerege.Framework.WPFApp.csproj", "{51F55B71-6DCA-4E5E-B57A-6FF6785A463B}"
EndProject
Project("{9A19103F-16F7-4668-BE54-9A1E7A4F7556}") = "GeregeSampleApp", "GeregeSampleApp\GeregeSampleApp.csproj", "{71F55B71-6DCA-4E5E-B57A-6FF6785A463B}"
EndProject
Project("{9A19103F-16F7-4668-BE54-9A1E7A4F7556}") = "GeregeSampleModule", "GeregeSampleModule\GeregeSampleModule.csproj", "{81F55B71-6DCA-4E5E-B57A-6FF6785A463B}"
EndProject
Project("{9A19103F-16F7-4668-BE54-9A1E7A4F7556}") = "WPFAppExample", "WPFAppExample\WPFAppExample.csproj", "{C3E0A599-898E-4C77-BFCF-8465F7A00D70}"
EndProject
Global
	GlobalSection(SolutionConfigurationPlatforms) = preSolution
		Debug|Any CPU = Debug|Any CPU
		Release|Any CPU = Release|Any CPU
	EndGlobalSection
	GlobalSection(ProjectConfigurationPlatforms) = postSolution
		{51F55B71-6DCA-4E5E-B57A-6FF6785A463B}.Debug|Any CPU.ActiveCfg = Debug|Any CPU
		{51F55B71-6DCA-4E5E-B57A-6FF6785A463B}.Debug|Any CPU.Build.0 = Debug|Any CPU
		{51F55B71-6DCA-4E5E-B57A-6FF6785A463B}.Release|Any CPU.ActiveCfg = Release|Any CPU
		{51F55B71-6DCA-4E5E-B57A-6FF6785A463B}.Release|Any CPU.Build.0 = Release|Any CPU
		{71F55B71-6DCA-4E5E-B57A-6FF6785A463B}.Debug|Any CPU.ActiveCfg = Debug|Any CPU
		{71F55B71-6DCA-4E5E-B57A-6FF6785A463B}.Debug|Any CPU.Build.0 = Debug|Any CPU
		{71F55B71-6DCA-4E5E-B57A-6FF6785A463B}.Release|Any CPU.ActiveCfg = Release|Any CPU
		{71F55B71-6DCA-4E5E-B57A-6FF6785A463B}.Release|Any CPU.Build.0 = Release|Any CPU
		{81F55B71-6DCA-4E5E-B57A-6FF6785A463B}.Debug|Any CPU.ActiveCfg = Debug|Any CPU
		{81F55B71-6DCA-4E5E-B57A-6FF6785A463B}.Debug|Any CPU.Build.0 = Debug|Any CPU
		{81F55B71-6DCA-4E5E-B57A-6FF6785A463B}.Release|Any CPU.ActiveCfg = Release|Any CPU
		{81F55B71-6DCA-4E5E-B57A-6FF6785A463B}.Release|Any CPU.Build.0 = Release|Any CPU
		{C3E0A599-898E-4C77-BFCF-8465F7A00D70}.Debug|Any CPU.ActiveCfg = Debug|Any CPU
		{C3E0A599-898E-4C77-BFCF-8465F7A00D70}.Debug|Any CPU.Build.0 = Debug|Any CPU
		{C3E0A599-898E-4C77-BFCF-8465F7A00D70}.Release|Any CPU.ActiveCfg = Release|Any CPU
		{C3E0A599-898E-4C77-BFCF-8465F7A00D70}.Release|Any CPU.Build.0 = Release|Any CPU
	EndGlobalSection
	GlobalSection(SolutionProperties) = preSolution
		HideSolutionNode = FALSE
	EndGlobalSection
	GlobalSection(ExtensibilityGlobals) = postSolution
		SolutionGuid = {4946406A-D967-4358-B356-C2D369793C5A}
	EndGlobalSection
EndGlobal
